
Microsoft Visual Studio Solution File, Format Version 12.00
# Visual Studio Version 17
VisualStudioVersion = 17.9.34902.65
MinimumVisualStudioVersion = 10.0.40219.1
Project("{FAE04EC0-301F-11D3-BF4B-00C04F79EFBC}") = "Server", "Server\Server.csproj", "{2E48BF46-6B83-41B7-B090-92BF5046833B}"
EndProject
Project("{FAE04EC0-301F-11D3-BF4B-00C04F79EFBC}") = "WinClient", "WinClient\WinClient.csproj", "{F455E864-4974-4262-A248-67111C810868}"
EndProject
Global
	GlobalSection(SolutionConfigurationPlatforms) = preSolution
		Debug|Any CPU = Debug|Any CPU
		Release|Any CPU = Release|Any CPU
	EndGlobalSection
	GlobalSection(ProjectConfigurationPlatforms) = postSolution
		{2E48BF46-6B83-41B7-B090-92BF5046833B}.Debug|Any CPU.ActiveCfg = Debug|Any CPU
		{2E48BF46-6B83-41B7-B090-92BF5046833B}.Debug|Any CPU.Build.0 = Debug|Any CPU
		{2E48BF46-6B83-41B7-B090-92BF5046833B}.Release|Any CPU.ActiveCfg = Release|Any CPU
		{2E48BF46-6B83-41B7-B090-92BF5046833B}.Release|Any CPU.Build.0 = Release|Any CPU
		{F455E864-4974-4262-A248-67111C810868}.Debug|Any CPU.ActiveCfg = Debug|Any CPU
		{F455E864-4974-4262-A248-67111C810868}.Debug|Any CPU.Build.0 = Debug|Any CPU
		{F455E864-4974-4262-A248-67111C810868}.Release|Any CPU.ActiveCfg = Release|Any CPU
		{F455E864-4974-4262-A248-67111C810868}.Release|Any CPU.Build.0 = Release|Any CPU
	EndGlobalSection
	GlobalSection(SolutionProperties) = preSolution
		HideSolutionNode = FALSE
	EndGlobalSection
	GlobalSection(ExtensibilityGlobals) = postSolution
		SolutionGuid = {023F374A-C928-4CAB-900E-387087059960}
	EndGlobalSection
EndGlobal
